
Microsoft Visual Studio Solution File, Format Version 12.00
# Visual Studio Version 17
VisualStudioVersion = 17.14.36623.8
MinimumVisualStudioVersion = 10.0.40219.1
Project("{FAE04EC0-301F-11D3-BF4B-00C04F79EFBC}") = "InvoiceEngine.API", "InvoiceEngine.API\InvoiceEngine.API.csproj", "{D6FFF178-D820-4A93-A993-2941C64ACC07}"
EndProject
Project("{FAE04EC0-301F-11D3-BF4B-00C04F79EFBC}") = "InvoiceEngine.API.UnitTests", "..\InvoiceEngine.API.UnitTests\InvoiceEngine.API.UnitTests.csproj", "{5AB14141-6940-4BC8-AB24-1FA48E40429E}"
EndProject
Global
	GlobalSection(SolutionConfigurationPlatforms) = preSolution
		Debug|Any CPU = Debug|Any CPU
		Release|Any CPU = Release|Any CPU
	EndGlobalSection
	GlobalSection(ProjectConfigurationPlatforms) = postSolution
		{D6FFF178-D820-4A93-A993-2941C64ACC07}.Debug|Any CPU.ActiveCfg = Debug|Any CPU
		{D6FFF178-D820-4A93-A993-2941C64ACC07}.Debug|Any CPU.Build.0 = Debug|Any CPU
		{D6FFF178-D820-4A93-A993-2941C64ACC07}.Release|Any CPU.ActiveCfg = Release|Any CPU
		{D6FFF178-D820-4A93-A993-2941C64ACC07}.Release|Any CPU.Build.0 = Release|Any CPU
		{5AB14141-6940-4BC8-AB24-1FA48E40429E}.Debug|Any CPU.ActiveCfg = Debug|Any CPU
		{5AB14141-6940-4BC8-AB24-1FA48E40429E}.Debug|Any CPU.Build.0 = Debug|Any CPU
		{5AB14141-6940-4BC8-AB24-1FA48E40429E}.Release|Any CPU.ActiveCfg = Release|Any CPU
		{5AB14141-6940-4BC8-AB24-1FA48E40429E}.Release|Any CPU.Build.0 = Release|Any CPU
	EndGlobalSection
	GlobalSection(SolutionProperties) = preSolution
		HideSolutionNode = FALSE
	EndGlobalSection
	GlobalSection(ExtensibilityGlobals) = postSolution
		SolutionGuid = {B7BBD9CF-F04F-4101-920D-FC108B1DABCE}
	EndGlobalSection
EndGlobal
